
Microsoft Visual Studio Solution File, Format Version 12.00
# Visual Studio Version 17
VisualStudioVersion = 17.6.33801.468
MinimumVisualStudioVersion = 10.0.40219.1
Project("{9A19103F-16F7-4668-BE54-9A1E7A4F7556}") = "BusinessObjects", "BusinessObjects\BusinessObjects.csproj", "{E2AA5E27-8BAF-4C19-A3EF-90403A427613}"
EndProject
Project("{9A19103F-16F7-4668-BE54-9A1E7A4F7556}") = "Tests", "Tests\Tests.csproj", "{9777C027-F74B-4C21-A5B6-94C734B8CCD0}"
EndProject
Project("{9A19103F-16F7-4668-BE54-9A1E7A4F7556}") = "Core", "Core\Core.csproj", "{E8FAB884-6C03-4131-869A-7E1426BFDA45}"
EndProject
Global
	GlobalSection(SolutionConfigurationPlatforms) = preSolution
		Debug|Any CPU = Debug|Any CPU
		Release|Any CPU = Release|Any CPU
	EndGlobalSection
	GlobalSection(ProjectConfigurationPlatforms) = postSolution
		{E2AA5E27-8BAF-4C19-A3EF-90403A427613}.Debug|Any CPU.ActiveCfg = Debug|Any CPU
		{E2AA5E27-8BAF-4C19-A3EF-90403A427613}.Debug|Any CPU.Build.0 = Debug|Any CPU
		{E2AA5E27-8BAF-4C19-A3EF-90403A427613}.Release|Any CPU.ActiveCfg = Release|Any CPU
		{E2AA5E27-8BAF-4C19-A3EF-90403A427613}.Release|Any CPU.Build.0 = Release|Any CPU
		{9777C027-F74B-4C21-A5B6-94C734B8CCD0}.Debug|Any CPU.ActiveCfg = Debug|Any CPU
		{9777C027-F74B-4C21-A5B6-94C734B8CCD0}.Debug|Any CPU.Build.0 = Debug|Any CPU
		{9777C027-F74B-4C21-A5B6-94C734B8CCD0}.Release|Any CPU.ActiveCfg = Release|Any CPU
		{9777C027-F74B-4C21-A5B6-94C734B8CCD0}.Release|Any CPU.Build.0 = Release|Any CPU
		{E8FAB884-6C03-4131-869A-7E1426BFDA45}.Debug|Any CPU.ActiveCfg = Debug|Any CPU
		{E8FAB884-6C03-4131-869A-7E1426BFDA45}.Debug|Any CPU.Build.0 = Debug|Any CPU
		{E8FAB884-6C03-4131-869A-7E1426BFDA45}.Release|Any CPU.ActiveCfg = Release|Any CPU
		{E8FAB884-6C03-4131-869A-7E1426BFDA45}.Release|Any CPU.Build.0 = Release|Any CPU
	EndGlobalSection
	GlobalSection(SolutionProperties) = preSolution
		HideSolutionNode = FALSE
	EndGlobalSection
	GlobalSection(ExtensibilityGlobals) = postSolution
		SolutionGuid = {255DB022-11FA-4A89-A42C-9DA5BF5FC4C2}
	EndGlobalSection
EndGlobal
